# This file is automatically @generated by Cargo.
# It is not intended for manual editing.
version = 4

[[package]]
name = "pkg-config"
version = "0.3.34"
source = "registry+https://github.com/rust-lang/crates.io-index"
checksum = "f6b464fbc74e149a392436b17d523f769e057cb6877f6a5c4618bc6f11800548"

[[package]]
name = "shitty-vt"
version = "0.2.0"
dependencies = [
 "shitty-vt-sys",
]

[[package]]
name = "shitty-vt-sys"
version = "0.2.0"
dependencies = [
 "pkg-config",
]
